
Microsoft Visual Studio Solution File, Format Version 12.00
# Visual Studio 14
VisualStudioVersion = 14.0.23107.0
MinimumVisualStudioVersion = 10.0.40219.1
Project("{2150E333-8FDC-42A3-9474-1A3956D46DE8}") = "src", "src", "{6567269D-2F85-4F3F-A315-AD0DDACFFAFA}"
EndProject
Project("{2150E333-8FDC-42A3-9474-1A3956D46DE8}") = "Solution Items", "Solution Items", "{4FBE051F-52F4-4E87-A725-8C306C34579E}"
	ProjectSection(SolutionItems) = preProject
		global.json = global.json
	EndProjectSection
EndProject
Project("{8BB2217D-0F2D-49D1-97BC-3654ED321F3B}") = "MSM", "src\MSM\MSM.xproj", "{20A13091-1914-47C1-9B90-816087701647}"
EndProject
Global
	GlobalSection(SolutionConfigurationPlatforms) = preSolution
		Debug|Any CPU = Debug|Any CPU
		Release|Any CPU = Release|Any CPU
	EndGlobalSection
	GlobalSection(ProjectConfigurationPlatforms) = postSolution
		{20A13091-1914-47C1-9B90-816087701647}.Debug|Any CPU.ActiveCfg = Debug|Any CPU
		{20A13091-1914-47C1-9B90-816087701647}.Debug|Any CPU.Build.0 = Debug|Any CPU
		{20A13091-1914-47C1-9B90-816087701647}.Release|Any CPU.ActiveCfg = Release|Any CPU
		{20A13091-1914-47C1-9B90-816087701647}.Release|Any CPU.Build.0 = Release|Any CPU
	EndGlobalSection
	GlobalSection(SolutionProperties) = preSolution
		HideSolutionNode = FALSE
	EndGlobalSection
	GlobalSection(NestedProjects) = preSolution
		{20A13091-1914-47C1-9B90-816087701647} = {6567269D-2F85-4F3F-A315-AD0DDACFFAFA}
	EndGlobalSection
EndGlobal
